
Microsoft Visual Studio Solution File, Format Version 12.00
# Visual Studio 15
VisualStudioVersion = 15.0.27428.2037
MinimumVisualStudioVersion = 10.0.40219.1
Project("{FAE04EC0-301F-11D3-BF4B-00C04F79EFBC}") = "FM_WSService", "FM_WSService\FM_WSService.csproj", "{A72E8EF3-19CC-43E4-BBB3-27DA71937397}"
EndProject
Global
	GlobalSection(SolutionConfigurationPlatforms) = preSolution
		Debug|Any CPU = Debug|Any CPU
		Release|Any CPU = Release|Any CPU
	EndGlobalSection
	GlobalSection(ProjectConfigurationPlatforms) = postSolution
		{A72E8EF3-19CC-43E4-BBB3-27DA71937397}.Debug|Any CPU.ActiveCfg = Debug|Any CPU
		{A72E8EF3-19CC-43E4-BBB3-27DA71937397}.Debug|Any CPU.Build.0 = Debug|Any CPU
		{A72E8EF3-19CC-43E4-BBB3-27DA71937397}.Release|Any CPU.ActiveCfg = Release|Any CPU
		{A72E8EF3-19CC-43E4-BBB3-27DA71937397}.Release|Any CPU.Build.0 = Release|Any CPU
	EndGlobalSection
	GlobalSection(SolutionProperties) = preSolution
		HideSolutionNode = FALSE
	EndGlobalSection
	GlobalSection(ExtensibilityGlobals) = postSolution
		SolutionGuid = {73F17681-0956-470F-97E9-091BBBFB8110}
	EndGlobalSection
EndGlobal
